// !$*UTF8*$!
{
	archiveVersion = 1;
	classes = {
	};
	objectVersion = 46;
	objects = {

/* Begin PBXBuildFile section */
		5385F7ED1C2146DE000E810A /* SVProgressHUD.bundle in Resources */ = {isa = PBXBuildFile; fileRef = 5385F7EA1C2146DE000E810A /* SVProgressHUD.bundle */; };
		5385F7EE1C2146DE000E810A /* SVProgressHUD.m in Sources */ = {isa = PBXBuildFile; fileRef = 5385F7EC1C2146DE000E810A /* SVProgressHUD.m */; };
		53B5C04D1C210B9D009E3376 /* main.m in Sources */ = {isa = PBXBuildFile; fileRef = 53B5C04C1C210B9D009E3376 /* main.m */; };
		53B5C0501C210B9D009E3376 /* AppDelegate.m in Sources */ = {isa = PBXBuildFile; fileRef = 53B5C04F1C210B9D009E3376 /* AppDelegate.m */; };
		53B5C0531C210B9D009E3376 /* ViewController.m in Sources */ = {isa = PBXBuildFile; fileRef = 53B5C0521C210B9D009E3376 /* ViewController.m */; };
		53B5C0561C210B9D009E3376 /* Main.storyboard in Resources */ = {isa = PBXBuildFile; fileRef = 53B5C0541C210B9D009E3376 /* Main.storyboard */; };
		53B5C0581C210B9D009E3376 /* Assets.xcassets in Resources */ = {isa = PBXBuildFile; fileRef = 53B5C0571C210B9D009E3376 /* Assets.xcassets */; };
		53B5C05B1C210B9D009E3376 /* LaunchScreen.storyboard in Resources */ = {isa = PBXBuildFile; fileRef = 53B5C0591C210B9D009E3376 /* LaunchScreen.storyboard */; };
		53B5C0661C210B9D009E3376 /* PayTests.m in Sources */ = {isa = PBXBuildFile; fileRef = 53B5C0651C210B9D009E3376 /* PayTests.m */; };
/* End PBXBuildFile section */

/* Begin PBXContainerItemProxy section */
		53B5C0621C210B9D009E3376 /* PBXContainerItemProxy */ = {
			isa = PBXContainerItemProxy;
			containerPortal = 53B5C0401C210B9D009E3376 /* Project object */;
			proxyType = 1;
			remoteGlobalIDString = 53B5C0471C210B9D009E3376;
			remoteInfo = Pay;
		};
/* End PBXContainerItemProxy section */

/* Begin PBXFileReference section */
		5385F7EA1C2146DE000E810A /* SVProgressHUD.bundle */ = {isa = PBXFileReference; lastKnownFileType = "wrapper.plug-in"; path = SVProgressHUD.bundle; sourceTree = "<group>"; };
		5385F7EB1C2146DE000E810A /* SVProgressHUD.h */ = {isa = PBXFileReference; fileEncoding = 4; lastKnownFileType = sourcecode.c.h; path = SVProgressHUD.h; sourceTree = "<group>"; };
		5385F7EC1C2146DE000E810A /* SVProgressHUD.m */ = {isa = PBXFileReference; fileEncoding = 4; lastKnownFileType = sourcecode.c.objc; path = SVProgressHUD.m; sourceTree = "<group>"; };
		53B5C0481C210B9D009E3376 /* Pay.app */ = {isa = PBXFileReference; explicitFileType = wrapper.application; includeInIndex = 0; path = Pay.app; sourceTree = BUILT_PRODUCTS_DIR; };
		53B5C04C1C210B9D009E3376 /* main.m */ = {isa = PBXFileReference; lastKnownFileType = sourcecode.c.objc; path = main.m; sourceTree = "<group>"; };
		53B5C04E1C210B9D009E3376 /* AppDelegate.h */ = {isa = PBXFileReference; lastKnownFileType = sourcecode.c.h; path = AppDelegate.h; sourceTree = "<group>"; };
		53B5C04F1C210B9D009E3376 /* AppDelegate.m */ = {isa = PBXFileReference; lastKnownFileType = sourcecode.c.objc; path = AppDelegate.m; sourceTree = "<group>"; };
		53B5C0511C210B9D009E3376 /* ViewController.h */ = {isa = PBXFileReference; lastKnownFileType = sourcecode.c.h; path = ViewController.h; sourceTree = "<group>"; };
		53B5C0521C210B9D009E3376 /* ViewController.m */ = {isa = PBXFileReference; lastKnownFileType = sourcecode.c.objc; path = ViewController.m; sourceTree = "<group>"; };
		53B5C0551C210B9D009E3376 /* Base */ = {isa = PBXFileReference; lastKnownFileType = file.storyboard; name = Base; path = Base.lproj/Main.storyboard; sourceTree = "<group>"; };
		53B5C0571C210B9D009E3376 /* Assets.xcassets */ = {isa = PBXFileReference; lastKnownFileType = folder.assetcatalog; path = Assets.xcassets; sourceTree = "<group>"; };
		53B5C05A1C210B9D009E3376 /* Base */ = {isa = PBXFileReference; lastKnownFileType = file.storyboard; name = Base; path = Base.lproj/LaunchScreen.storyboard; sourceTree = "<group>"; };
		53B5C05C1C210B9D009E3376 /* Info.plist */ = {isa = PBXFileReference; lastKnownFileType = text.plist.xml; path = Info.plist; sourceTree = "<group>"; };
		53B5C0611C210B9D009E3376 /* PayTests.xctest */ = {isa = PBXFileReference; explicitFileType = wrapper.cfbundle; includeInIndex = 0; path = PayTests.xctest; sourceTree = BUILT_PRODUCTS_DIR; };
		53B5C0651C210B9D009E3376 /* PayTests.m */ = {isa = PBXFileReference; lastKnownFileType = sourcecode.c.objc; path = PayTests.m; sourceTree = "<group>"; };
		53B5C0671C210B9D009E3376 /* Info.plist */ = {isa = PBXFileReference; lastKnownFileType = text.plist.xml; path = Info.plist; sourceTree = "<group>"; };
/* End PBXFileReference section */

/* Begin PBXFrameworksBuildPhase section */
		53B5C0451C210B9D009E3376 /* Frameworks */ = {
			isa = PBXFrameworksBuildPhase;
			buildActionMask = 2147483647;
			files = (
			);
			runOnlyForDeploymentPostprocessing = 0;
		};
		53B5C05E1C210B9D009E3376 /* Frameworks */ = {
			isa = PBXFrameworksBuildPhase;
			buildActionMask = 2147483647;
			files = (
			);
			runOnlyForDeploymentPostprocessing = 0;
		};
/* End PBXFrameworksBuildPhase section */

/* Begin PBXGroup section */
		5385F7E91C2146DE000E810A /* SVProgressHUD */ = {
			isa = PBXGroup;
			children = (
				5385F7EA1C2146DE000E810A /* SVProgressHUD.bundle */,
				5385F7EB1C2146DE000E810A /* SVProgressHUD.h */,
				5385F7EC1C2146DE000E810A /* SVProgressHUD.m */,
			);
			path = SVProgressHUD;
			sourceTree = "<group>";
		};
		53B5C03F1C210B9D009E3376 = {
			isa = PBXGroup;
			children = (
				53B5C04A1C210B9D009E3376 /* Pay */,
				53B5C0641C210B9D009E3376 /* PayTests */,
				53B5C0491C210B9D009E3376 /* Products */,
			);
			sourceTree = "<group>";
		};
		53B5C0491C210B9D009E3376 /* Products */ = {
			isa = PBXGroup;
			children = (
				53B5C0481C210B9D009E3376 /* Pay.app */,
				53B5C0611C210B9D009E3376 /* PayTests.xctest */,
			);
			name = Products;
			sourceTree = "<group>";
		};
		53B5C04A1C210B9D009E3376 /* Pay */ = {
			isa = PBXGroup;
			children = (
				53B5C04E1C210B9D009E3376 /* AppDelegate.h */,
				53B5C04F1C210B9D009E3376 /* AppDelegate.m */,
				53B5C0511C210B9D009E3376 /* ViewController.h */,
				53B5C0521C210B9D009E3376 /* ViewController.m */,
				5385F7E91C2146DE000E810A /* SVProgressHUD */,
				53B5C0541C210B9D009E3376 /* Main.storyboard */,
				53B5C0571C210B9D009E3376 /* Assets.xcassets */,
				53B5C0591C210B9D009E3376 /* LaunchScreen.storyboard */,
				53B5C05C1C210B9D009E3376 /* Info.plist */,
				53B5C04B1C210B9D009E3376 /* Supporting Files */,
			);
			path = Pay;
			sourceTree = "<group>";
		};
		53B5C04B1C210B9D009E3376 /* Supporting Files */ = {
			isa = PBXGroup;
			children = (
				53B5C04C1C210B9D009E3376 /* main.m */,
			);
			name = "Supporting Files";
			sourceTree = "<group>";
		};
		53B5C0641C210B9D009E3376 /* PayTests */ = {
			isa = PBXGroup;
			children = (
				53B5C0651C210B9D009E3376 /* PayTests.m */,
				53B5C0671C210B9D009E3376 /* Info.plist */,
			);
			path = PayTests;
			sourceTree = "<group>";
		};
/* End PBXGroup section */

/* Begin PBXNativeTarget section */
		53B5C0471C210B9D009E3376 /* Pay */ = {
			isa = PBXNativeTarget;
			buildConfigurationList = 53B5C06A1C210B9D009E3376 /* Build configuration list for PBXNativeTarget "Pay" */;
			buildPhases = (
				53B5C0441C210B9D009E3376 /* Sources */,
				53B5C0451C210B9D009E3376 /* Frameworks */,
				53B5C0461C210B9D009E3376 /* Resources */,
			);
			buildRules = (
			);
			dependencies = (
			);
			name = Pay;
			productName = Pay;
			productReference = 53B5C0481C210B9D009E3376 /* Pay.app */;
			productType = "com.apple.product-type.application";
		};
		53B5C0601C210B9D009E3376 /* PayTests */ = {
			isa = PBXNativeTarget;
			buildConfigurationList = 53B5C06D1C210B9D009E3376 /* Build configuration list for PBXNativeTarget "PayTests" */;
			buildPhases = (
				53B5C05D1C210B9D009E3376 /* Sources */,
				53B5C05E1C210B9D009E3376 /* Frameworks */,
				53B5C05F1C210B9D009E3376 /* Resources */,
			);
			buildRules = (
			);
			dependencies = (
				53B5C0631C210B9D009E3376 /* PBXTargetDependency */,
			);
			name = PayTests;
			productName = PayTests;
			productReference = 53B5C0611C210B9D009E3376 /* PayTests.xctest */;
			productType = "com.apple.product-type.bundle.unit-test";
		};
/* End PBXNativeTarget section */

/* Begin PBXProject section */
		53B5C0401C210B9D009E3376 /* Project object */ = {
			isa = PBXProject;
			attributes = {
				LastUpgradeCheck = 0710;
				ORGANIZATIONNAME = ZSC;
				TargetAttributes = {
					53B5C0471C210B9D009E3376 = {
						CreatedOnToolsVersion = 7.1.1;
					};
					53B5C0601C210B9D009E3376 = {
						CreatedOnToolsVersion = 7.1.1;
						TestTargetID = 53B5C0471C210B9D009E3376;
					};
				};
			};
			buildConfigurationList = 53B5C0431C210B9D009E3376 /* Build configuration list for PBXProject "Pay" */;
			compatibilityVersion = "Xcode 3.2";
			developmentRegion = English;
			hasScannedForEncodings = 0;
			knownRegions = (
				en,
				Base,
			);
			mainGroup = 53B5C03F1C210B9D009E3376;
			productRefGroup = 53B5C0491C210B9D009E3376 /* Products */;
			projectDirPath = "";
			projectRoot = "";
			targets = (
				53B5C0471C210B9D009E3376 /* Pay */,
				53B5C0601C210B9D009E3376 /* PayTests */,
			);
		};
/* End PBXProject section */

/* Begin PBXResourcesBuildPhase section */
		53B5C0461C210B9D009E3376 /* Resources */ = {
			isa = PBXResourcesBuildPhase;
			buildActionMask = 2147483647;
			files = (
				53B5C05B1C210B9D009E3376 /* LaunchScreen.storyboard in Resources */,
				53B5C0581C210B9D009E3376 /* Assets.xcassets in Resources */,
				53B5C0561C210B9D009E3376 /* Main.storyboard in Resources */,
				5385F7ED1C2146DE000E810A /* SVProgressHUD.bundle in Resources */,
			);
			runOnlyForDeploymentPostprocessing = 0;
		};
		53B5C05F1C210B9D009E3376 /* Resources */ = {
			isa = PBXResourcesBuildPhase;
			buildActionMask = 2147483647;
			files = (
			);
			runOnlyForDeploymentPostprocessing = 0;
		};
/* End PBXResourcesBuildPhase section */

/* Begin PBXSourcesBuildPhase section */
		53B5C0441C210B9D009E3376 /* Sources */ = {
			isa = PBXSourcesBuildPhase;
			buildActionMask = 2147483647;
			files = (
				53B5C0531C210B9D009E3376 /* ViewController.m in Sources */,
				5385F7EE1C2146DE000E810A /* SVProgressHUD.m in Sources */,
				53B5C0501C210B9D009E3376 /* AppDelegate.m in Sources */,
				53B5C04D1C210B9D009E3376 /* main.m in Sources */,
			);
			runOnlyForDeploymentPostprocessing = 0;
		};
		53B5C05D1C210B9D009E3376 /* Sources */ = {
			isa = PBXSourcesBuildPhase;
			buildActionMask = 2147483647;
			files = (
				53B5C0661C210B9D009E3376 /* PayTests.m in Sources */,
			);
			runOnlyForDeploymentPostprocessing = 0;
		};
/* End PBXSourcesBuildPhase section */

/* Begin PBXTargetDependency section */
		53B5C0631C210B9D009E3376 /* PBXTargetDependency */ = {
			isa = PBXTargetDependency;
			target = 53B5C0471C210B9D009E3376 /* Pay */;
			targetProxy = 53B5C0621C210B9D009E3376 /* PBXContainerItemProxy */;
		};
/* End PBXTargetDependency section */

/* Begin PBXVariantGroup section */
		53B5C0541C210B9D009E3376 /* Main.storyboard */ = {
			isa = PBXVariantGroup;
			children = (
				53B5C0551C210B9D009E3376 /* Base */,
			);
			name = Main.storyboard;
			sourceTree = "<group>";
		};
		53B5C0591C210B9D009E3376 /* LaunchScreen.storyboard */ = {
			isa = PBXVariantGroup;
			children = (
				53B5C05A1C210B9D009E3376 /* Base */,
			);
			name = LaunchScreen.storyboard;
			sourceTree = "<group>";
		};
/* End PBXVariantGroup section */

/* Begin XCBuildConfiguration section */
		53B5C0681C210B9D009E3376 /* Debug */ = {
			isa = XCBuildConfiguration;
			buildSettings = {
				ALWAYS_SEARCH_USER_PATHS = NO;
				CLANG_CXX_LANGUAGE_STANDARD = "gnu++0x";
				CLANG_CXX_LIBRARY = "libc++";
				CLANG_ENABLE_MODULES = YES;
				CLANG_ENABLE_OBJC_ARC = YES;
				CLANG_WARN_BOOL_CONVERSION = YES;
				CLANG_WARN_CONSTANT_CONVERSION = YES;
				CLANG_WARN_DIRECT_OBJC_ISA_USAGE = YES_ERROR;
				CLANG_WARN_EMPTY_BODY = YES;
				CLANG_WARN_ENUM_CONVERSION = YES;
				CLANG_WARN_INT_CONVERSION = YES;
				CLANG_WARN_OBJC_ROOT_CLASS = YES_ERROR;
				CLANG_WARN_UNREACHABLE_CODE = YES;
				CLANG_WARN__DUPLICATE_METHOD_MATCH = YES;
				CODE_SIGN_IDENTITY = "iPhone Developer: youwen zhang (TFB5TGQ3YC)";
				"CODE_SIGN_IDENTITY[sdk=iphoneos*]" = "iPhone Developer: youwen zhang (TFB5TGQ3YC)";
				COPY_PHASE_STRIP = NO;
				DEBUG_INFORMATION_FORMAT = dwarf;
				ENABLE_STRICT_OBJC_MSGSEND = YES;
				ENABLE_TESTABILITY = YES;
				GCC_C_LANGUAGE_STANDARD = gnu99;
				GCC_DYNAMIC_NO_PIC = NO;
				GCC_NO_COMMON_BLOCKS = YES;
				GCC_OPTIMIZATION_LEVEL = 0;
				GCC_PREPROCESSOR_DEFINITIONS = (
					"DEBUG=1",
					"$(inherited)",
				);
				GCC_WARN_64_TO_32_BIT_CONVERSION = YES;
				GCC_WARN_ABOUT_RETURN_TYPE = YES_ERROR;
				GCC_WARN_UNDECLARED_SELECTOR = YES;
				GCC_WARN_UNINITIALIZED_AUTOS = YES_AGGRESSIVE;
				GCC_WARN_UNUSED_FUNCTION = YES;
				GCC_WARN_UNUSED_VARIABLE = YES;
				IPHONEOS_DEPLOYMENT_TARGET = 9.1;
				MTL_ENABLE_DEBUG_INFO = YES;
				ONLY_ACTIVE_ARCH = YES;
				PROVISIONING_PROFILE = "e09373f5-5a42-43c2-9698-7e7cef27f58c";
				SDKROOT = iphoneos;
				TARGETED_DEVICE_FAMILY = "1,2";
			};
			name = Debug;
		};
		53B5C0691C210B9D009E3376 /* Release */ = {
			isa = XCBuildConfiguration;
			buildSettings = {
				ALWAYS_SEARCH_USER_PATHS = NO;
				CLANG_CXX_LANGUAGE_STANDARD = "gnu++0x";
				CLANG_CXX_LIBRARY = "libc++";
				CLANG_ENABLE_MODULES = YES;
				CLANG_ENABLE_OBJC_ARC = YES;
				CLANG_WARN_BOOL_CONVERSION = YES;
				CLANG_WARN_CONSTANT_CONVERSION = YES;
				CLANG_WARN_DIRECT_OBJC_ISA_USAGE = YES_ERROR;
				CLANG_WARN_EMPTY_BODY = YES;
				CLANG_WARN_ENUM_CONVERSION = YES;
				CLANG_WARN_INT_CONVERSION = YES;
				CLANG_WARN_OBJC_ROOT_CLASS = YES_ERROR;
				CLANG_WARN_UNREACHABLE_CODE = YES;
				CLANG_WARN__DUPLICATE_METHOD_MATCH = YES;
				CODE_SIGN_IDENTITY = "iPhone Developer: youwen zhang (TFB5TGQ3YC)";
				"CODE_SIGN_IDENTITY[sdk=iphoneos*]" = "iPhone Developer: youwen zhang (TFB5TGQ3YC)";
				COPY_PHASE_STRIP = NO;
				DEBUG_INFORMATION_FORMAT = "dwarf-with-dsym";
				ENABLE_NS_ASSERTIONS = NO;
				ENABLE_STRICT_OBJC_MSGSEND = YES;
				GCC_C_LANGUAGE_STANDARD = gnu99;
				GCC_NO_COMMON_BLOCKS = YES;
				GCC_WARN_64_TO_32_BIT_CONVERSION = YES;
				GCC_WARN_ABOUT_RETURN_TYPE = YES_ERROR;
				GCC_WARN_UNDECLARED_SELECTOR = YES;
				GCC_WARN_UNINITIALIZED_AUTOS = YES_AGGRESSIVE;
				GCC_WARN_UNUSED_FUNCTION = YES;
				GCC_WARN_UNUSED_VARIABLE = YES;
				IPHONEOS_DEPLOYMENT_TARGET = 9.1;
				MTL_ENABLE_DEBUG_INFO = NO;
				PROVISIONING_PROFILE = "e09373f5-5a42-43c2-9698-7e7cef27f58c";
				SDKROOT = iphoneos;
				TARGETED_DEVICE_FAMILY = "1,2";
				VALIDATE_PRODUCT = YES;
			};
			name = Release;
		};
		53B5C06B1C210B9D009E3376 /* Debug */ = {
			isa = XCBuildConfiguration;
			buildSettings = {
				ASSETCATALOG_COMPILER_APPICON_NAME = AppIcon;
				CODE_SIGN_IDENTITY = "iPhone Developer";
				"CODE_SIGN_IDENTITY[sdk=iphoneos*]" = "iPhone Developer";
				INFOPLIST_FILE = Pay/Info.plist;
				LD_RUNPATH_SEARCH_PATHS = "$(inherited) @executable_path/Frameworks";
				PRODUCT_BUNDLE_IDENTIFIER = com.TestAppStore.shoping;
				PRODUCT_NAME = "$(TARGET_NAME)";
				PROVISIONING_PROFILE = "";
			};
			name = Debug;
		};
		53B5C06C1C210B9D009E3376 /* Release */ = {
			isa = XCBuildConfiguration;
			buildSettings = {
				ASSETCATALOG_COMPILER_APPICON_NAME = AppIcon;
				CODE_SIGN_IDENTITY = "iPhone Developer";
				"CODE_SIGN_IDENTITY[sdk=iphoneos*]" = "iPhone Developer";
				INFOPLIST_FILE = Pay/Info.plist;
				LD_RUNPATH_SEARCH_PATHS = "$(inherited) @executable_path/Frameworks";
				PRODUCT_BUNDLE_IDENTIFIER = com.TestAppStore.shoping;
				PRODUCT_NAME = "$(TARGET_NAME)";
				PROVISIONING_PROFILE = "";
			};
			name = Release;
		};
		53B5C06E1C210B9D009E3376 /* Debug */ = {
			isa = XCBuildConfiguration;
			buildSettings = {
				BUNDLE_LOADER = "$(TEST_HOST)";
				CODE_SIGN_IDENTITY = "iPhone Developer: youwen zhang (TFB5TGQ3YC)";
				"CODE_SIGN_IDENTITY[sdk=iphoneos*]" = "iPhone Developer: youwen zhang (TFB5TGQ3YC)";
				INFOPLIST_FILE = PayTests/Info.plist;
				LD_RUNPATH_SEARCH_PATHS = "$(inherited) @executable_path/Frameworks @loader_path/Frameworks";
				PRODUCT_BUNDLE_IDENTIFIER = com.zsc.PayTests;
				PRODUCT_NAME = "$(TARGET_NAME)";
				PROVISIONING_PROFILE = "e09373f5-5a42-43c2-9698-7e7cef27f58c";
				TEST_HOST = "$(BUILT_PRODUCTS_DIR)/Pay.app/Pay";
			};
			name = Debug;
		};
		53B5C06F1C210B9D009E3376 /* Release */ = {
			isa = XCBuildConfiguration;
			buildSettings = {
				BUNDLE_LOADER = "$(TEST_HOST)";
				CODE_SIGN_IDENTITY = "iPhone Developer: youwen zhang (TFB5TGQ3YC)";
				"CODE_SIGN_IDENTITY[sdk=iphoneos*]" = "iPhone Developer: youwen zhang (TFB5TGQ3YC)";
				INFOPLIST_FILE = PayTests/Info.plist;
				LD_RUNPATH_SEARCH_PATHS = "$(inherited) @executable_path/Frameworks @loader_path/Frameworks";
				PRODUCT_BUNDLE_IDENTIFIER = com.zsc.PayTests;
				PRODUCT_NAME = "$(TARGET_NAME)";
				PROVISIONING_PROFILE = "e09373f5-5a42-43c2-9698-7e7cef27f58c";
				TEST_HOST = "$(BUILT_PRODUCTS_DIR)/Pay.app/Pay";
			};
			name = Release;
		};
/* End XCBuildConfiguration section */

/* Begin XCConfigurationList section */
		53B5C0431C210B9D009E3376 /* Build configuration list for PBXProject "Pay" */ = {
			isa = XCConfigurationList;
			buildConfigurations = (
				53B5C0681C210B9D009E3376 /* Debug */,
				53B5C0691C210B9D009E3376 /* Release */,
			);
			defaultConfigurationIsVisible = 0;
			defaultConfigurationName = Release;
		};
		53B5C06A1C210B9D009E3376 /* Build configuration list for PBXNativeTarget "Pay" */ = {
			isa = XCConfigurationList;
			buildConfigurations = (
				53B5C06B1C210B9D009E3376 /* Debug */,
				53B5C06C1C210B9D009E3376 /* Release */,
			);
			defaultConfigurationIsVisible = 0;
			defaultConfigurationName = Release;
		};
		53B5C06D1C210B9D009E3376 /* Build configuration list for PBXNativeTarget "PayTests" */ = {
			isa = XCConfigurationList;
			buildConfigurations = (
				53B5C06E1C210B9D009E3376 /* Debug */,
				53B5C06F1C210B9D009E3376 /* Release */,
			);
			defaultConfigurationIsVisible = 0;
			defaultConfigurationName = Release;
		};
/* End XCConfigurationList section */
	};
	rootObject = 53B5C0401C210B9D009E3376 /* Project object */;
}
